
Microsoft Visual Studio Solution File, Format Version 12.00
# Visual Studio Version 16
VisualStudioVersion = 16.0.28902.138
MinimumVisualStudioVersion = 10.0.40219.1
Project("{FAE04EC0-301F-11D3-BF4B-00C04F79EFBC}") = "Training", "Training\Training.csproj", "{12AA6152-53E9-4946-ABA1-7FBBC42BE2C4}"
EndProject
Project("{FAE04EC0-301F-11D3-BF4B-00C04F79EFBC}") = "WinForms1", "WinForms1\WinForms1.csproj", "{752CC1AB-8203-4CE9-8643-C9ECEB0518F1}"
EndProject
Project("{FAE04EC0-301F-11D3-BF4B-00C04F79EFBC}") = "PartialMethod", "PartialMethod\PartialMethod.csproj", "{D61B592A-2265-4CFE-A580-C21447500E2A}"
EndProject
Project("{FAE04EC0-301F-11D3-BF4B-00C04F79EFBC}") = "CovariantCon", "CovariantCon\CovariantCon.csproj", "{E980FD4F-7AC0-4531-BAD3-B353F3F3EFC9}"
EndProject
Project("{FAE04EC0-301F-11D3-BF4B-00C04F79EFBC}") = "ParamsCon", "ParamsCon\ParamsCon.csproj", "{E166FF0E-87CF-4BF9-925A-767F5F5DA90E}"
EndProject
Project("{FAE04EC0-301F-11D3-BF4B-00C04F79EFBC}") = "Indexator", "Indexator\Indexator.csproj", "{F0EC203B-6D9F-40D7-A726-298B181E1685}"
EndProject
Project("{FAE04EC0-301F-11D3-BF4B-00C04F79EFBC}") = "Exstention", "Exstention\Exstention.csproj", "{1F23650E-90E0-427C-9611-40C5477A7412}"
EndProject
Project("{FAE04EC0-301F-11D3-BF4B-00C04F79EFBC}") = "Structure", "Structure\Structure.csproj", "{1BAC74A0-8706-4F19-B161-44DB2FAD6E85}"
EndProject
Project("{FAE04EC0-301F-11D3-BF4B-00C04F79EFBC}") = "DateTimeWin", "DateTimeWin\DateTimeWin.csproj", "{AF5236CE-349C-4642-B07B-CC0DB1012523}"
EndProject
Project("{FAE04EC0-301F-11D3-BF4B-00C04F79EFBC}") = "Enums", "Enums\Enums.csproj", "{32B11A8E-F676-4E3A-B1C4-2C189E022E95}"
EndProject
Project("{FAE04EC0-301F-11D3-BF4B-00C04F79EFBC}") = "Delegate", "Delegate\Delegate.csproj", "{167E97B9-7D35-4895-9933-F4CB0E9DEC74}"
EndProject
Project("{FAE04EC0-301F-11D3-BF4B-00C04F79EFBC}") = "AnonimMethod", "AnonimMethod\AnonimMethod.csproj", "{9FC68001-E547-4879-8848-E8168FFC1AA0}"
EndProject
Project("{FAE04EC0-301F-11D3-BF4B-00C04F79EFBC}") = "Lambda", "Lambda\Lambda.csproj", "{38D7FB5B-DA81-402A-9CBB-3BEEC70E5615}"
EndProject
Project("{FAE04EC0-301F-11D3-BF4B-00C04F79EFBC}") = "Generic", "Generic\Generic.csproj", "{B1D52934-5440-4824-99E6-7E078E44FACE}"
EndProject
Project("{FAE04EC0-301F-11D3-BF4B-00C04F79EFBC}") = "RefOut", "RefOut\RefOut.csproj", "{E95ED2C7-0F46-4A9B-8843-78F5F4AF349D}"
EndProject
Project("{FAE04EC0-301F-11D3-BF4B-00C04F79EFBC}") = "Nullable", "Nullable\Nullable.csproj", "{780D8118-4707-4B27-A7F2-0C249C918C80}"
EndProject
Project("{FAE04EC0-301F-11D3-BF4B-00C04F79EFBC}") = "Null-Coalescing", "Null-Coalescing\Null-Coalescing.csproj", "{E02130B2-E7F8-4B14-AE12-36A3F4FE1865}"
EndProject
Project("{FAE04EC0-301F-11D3-BF4B-00C04F79EFBC}") = "Constraint", "Constraint\Constraint.csproj", "{46172E81-F4E7-4AAB-BC80-72D2C9F02607}"
EndProject
Project("{FAE04EC0-301F-11D3-BF4B-00C04F79EFBC}") = "NewConstraint", "NewConstraint\NewConstraint.csproj", "{7A8A9B40-8771-4323-BEEA-FE20876E0079}"
EndProject
Project("{FAE04EC0-301F-11D3-BF4B-00C04F79EFBC}") = "45_ArrayList", "45_ArrayList\45_ArrayList.csproj", "{BC6C53C6-D3F2-4139-B92F-51649C0125E6}"
EndProject
Project("{FAE04EC0-301F-11D3-BF4B-00C04F79EFBC}") = "46_Dictionary", "46_Dictionary\46_Dictionary.csproj", "{0698EAD3-9AF3-4C8A-B067-C8AA57AEBA04}"
EndProject
Project("{FAE04EC0-301F-11D3-BF4B-00C04F79EFBC}") = "47_Events", "47_Events\47_Events.csproj", "{5511755D-18EC-47B6-928E-AC0D77FEA6CC}"
EndProject
Project("{FAE04EC0-301F-11D3-BF4B-00C04F79EFBC}") = "48_AddRemoveEvent", "48_AddRemoveEvent\48_AddRemoveEvent.csproj", "{D03D9F8E-3D5D-430A-94D4-08AE7229FEBB}"
EndProject
Project("{FAE04EC0-301F-11D3-BF4B-00C04F79EFBC}") = "50_Thread", "50_Thread\50_Thread.csproj", "{2FB5F2F1-FF02-4EF0-8B0F-D56A4E958AEA}"
EndProject
Project("{FAE04EC0-301F-11D3-BF4B-00C04F79EFBC}") = "51_ParametrizetgThread", "51_ParametrizetgThread\51_ParametrizetgThread.csproj", "{79A357A8-8325-411A-A904-47B5EB6EF885}"
EndProject
Project("{FAE04EC0-301F-11D3-BF4B-00C04F79EFBC}") = "52_Thread.isBackground", "52_Thread.isBackground\52_Thread.isBackground.csproj", "{D1BE6E0E-E1D2-4A49-B998-7FA17009460F}"
EndProject
Project("{FAE04EC0-301F-11D3-BF4B-00C04F79EFBC}") = "53_Critiacal_Section", "53_Critiacal_Section\53_Critiacal_Section.csproj", "{665CCFA7-59B1-4CCB-B2B7-0FEB0F4A854B}"
EndProject
Project("{FAE04EC0-301F-11D3-BF4B-00C04F79EFBC}") = "54_AnonimMethodThread", "54_AnonimMethodThread\54_AnonimMethodThread.csproj", "{28EFF6A6-404B-45CC-BD42-3CD8CAC6049A}"
EndProject
Project("{FAE04EC0-301F-11D3-BF4B-00C04F79EFBC}") = "55_Collections", "55_Collections\55_Collections.csproj", "{6D975EA0-3588-4F6B-A57B-E5FDBBDE5F83}"
EndProject
Project("{FAE04EC0-301F-11D3-BF4B-00C04F79EFBC}") = "55_Foreach", "55_Foreach\55_Foreach.csproj", "{9515EFB7-9032-497C-9023-18D906EAF0AA}"
EndProject
Project("{FAE04EC0-301F-11D3-BF4B-00C04F79EFBC}") = "57_Yield", "57_Yield\57_Yield.csproj", "{1E5C93E2-B13F-427C-AD1F-76104218767B}"
EndProject
Project("{FAE04EC0-301F-11D3-BF4B-00C04F79EFBC}") = "58_IEnuerator_IEnuerable", "58_IEnuerator_IEnuerable\58_IEnuerator_IEnuerable.csproj", "{F8829554-807D-40E7-A144-5FEDE451E74E}"
EndProject
Project("{FAE04EC0-301F-11D3-BF4B-00C04F79EFBC}") = "59_ExceptionSituation", "59_ExceptionSituation\59_ExceptionSituation.csproj", "{EB8AC42D-9D4F-4B07-82E6-7E66FD6EEDDA}"
EndProject
Project("{FAE04EC0-301F-11D3-BF4B-00C04F79EFBC}") = "60_Try_Catch", "60_Try_Catch\60_Try_Catch.csproj", "{2193EB3C-EEDD-4CBC-9562-6AE9A2DD28B4}"
EndProject
Project("{FAE04EC0-301F-11D3-BF4B-00C04F79EFBC}") = "61_Try_Catch_Finally", "61_Try_Catch_Finally\61_Try_Catch_Finally.csproj", "{5C754EEB-C53C-444C-94F7-FA5FA6206FA4}"
EndProject
Project("{FAE04EC0-301F-11D3-BF4B-00C04F79EFBC}") = "62_Throw", "62_Throw\62_Throw.csproj", "{C166F175-13A4-4DBB-B1D0-A748041267C0}"
EndProject
Project("{FAE04EC0-301F-11D3-BF4B-00C04F79EFBC}") = "63_Inner_Exception", "63_Inner_Exception\63_Inner_Exception.csproj", "{9A1D7382-A577-4060-ADC9-9CB3C346724B}"
EndProject
Project("{FAE04EC0-301F-11D3-BF4B-00C04F79EFBC}") = "64_Object", "64_Object\64_Object.csproj", "{406C77AD-A9DF-452E-AEC1-07A2B313ED5C}"
EndProject
Project("{FAE04EC0-301F-11D3-BF4B-00C04F79EFBC}") = "72_Overload_Operators", "72_Overload_Operators\72_Overload_Operators.csproj", "{AC46DEF5-DD06-4C49-B72E-33B379E63AFD}"
EndProject
Project("{FAE04EC0-301F-11D3-BF4B-00C04F79EFBC}") = "73_Explicit_Implicit", "73_Explicit_Implicit\73_Explicit_Implicit.csproj", "{441BA688-CEEA-40E3-B3D5-5120CBB68C1E}"
EndProject
Global
	GlobalSection(SolutionConfigurationPlatforms) = preSolution
		Debug|Any CPU = Debug|Any CPU
		Release|Any CPU = Release|Any CPU
	EndGlobalSection
	GlobalSection(ProjectConfigurationPlatforms) = postSolution
		{12AA6152-53E9-4946-ABA1-7FBBC42BE2C4}.Debug|Any CPU.ActiveCfg = Debug|Any CPU
		{12AA6152-53E9-4946-ABA1-7FBBC42BE2C4}.Debug|Any CPU.Build.0 = Debug|Any CPU
		{12AA6152-53E9-4946-ABA1-7FBBC42BE2C4}.Release|Any CPU.ActiveCfg = Release|Any CPU
		{12AA6152-53E9-4946-ABA1-7FBBC42BE2C4}.Release|Any CPU.Build.0 = Release|Any CPU
		{752CC1AB-8203-4CE9-8643-C9ECEB0518F1}.Debug|Any CPU.ActiveCfg = Debug|Any CPU
		{752CC1AB-8203-4CE9-8643-C9ECEB0518F1}.Debug|Any CPU.Build.0 = Debug|Any CPU
		{752CC1AB-8203-4CE9-8643-C9ECEB0518F1}.Release|Any CPU.ActiveCfg = Release|Any CPU
		{752CC1AB-8203-4CE9-8643-C9ECEB0518F1}.Release|Any CPU.Build.0 = Release|Any CPU
		{D61B592A-2265-4CFE-A580-C21447500E2A}.Debug|Any CPU.ActiveCfg = Debug|Any CPU
		{D61B592A-2265-4CFE-A580-C21447500E2A}.Debug|Any CPU.Build.0 = Debug|Any CPU
		{D61B592A-2265-4CFE-A580-C21447500E2A}.Release|Any CPU.ActiveCfg = Release|Any CPU
		{D61B592A-2265-4CFE-A580-C21447500E2A}.Release|Any CPU.Build.0 = Release|Any CPU
		{E980FD4F-7AC0-4531-BAD3-B353F3F3EFC9}.Debug|Any CPU.ActiveCfg = Debug|Any CPU
		{E980FD4F-7AC0-4531-BAD3-B353F3F3EFC9}.Debug|Any CPU.Build.0 = Debug|Any CPU
		{E980FD4F-7AC0-4531-BAD3-B353F3F3EFC9}.Release|Any CPU.ActiveCfg = Release|Any CPU
		{E980FD4F-7AC0-4531-BAD3-B353F3F3EFC9}.Release|Any CPU.Build.0 = Release|Any CPU
		{E166FF0E-87CF-4BF9-925A-767F5F5DA90E}.Debug|Any CPU.ActiveCfg = Debug|Any CPU
		{E166FF0E-87CF-4BF9-925A-767F5F5DA90E}.Debug|Any CPU.Build.0 = Debug|Any CPU
		{E166FF0E-87CF-4BF9-925A-767F5F5DA90E}.Release|Any CPU.ActiveCfg = Release|Any CPU
		{E166FF0E-87CF-4BF9-925A-767F5F5DA90E}.Release|Any CPU.Build.0 = Release|Any CPU
		{F0EC203B-6D9F-40D7-A726-298B181E1685}.Debug|Any CPU.ActiveCfg = Debug|Any CPU
		{F0EC203B-6D9F-40D7-A726-298B181E1685}.Debug|Any CPU.Build.0 = Debug|Any CPU
		{F0EC203B-6D9F-40D7-A726-298B181E1685}.Release|Any CPU.ActiveCfg = Release|Any CPU
		{F0EC203B-6D9F-40D7-A726-298B181E1685}.Release|Any CPU.Build.0 = Release|Any CPU
		{1F23650E-90E0-427C-9611-40C5477A7412}.Debug|Any CPU.ActiveCfg = Debug|Any CPU
		{1F23650E-90E0-427C-9611-40C5477A7412}.Debug|Any CPU.Build.0 = Debug|Any CPU
		{1F23650E-90E0-427C-9611-40C5477A7412}.Release|Any CPU.ActiveCfg = Release|Any CPU
		{1F23650E-90E0-427C-9611-40C5477A7412}.Release|Any CPU.Build.0 = Release|Any CPU
		{1BAC74A0-8706-4F19-B161-44DB2FAD6E85}.Debug|Any CPU.ActiveCfg = Debug|Any CPU
		{1BAC74A0-8706-4F19-B161-44DB2FAD6E85}.Debug|Any CPU.Build.0 = Debug|Any CPU
		{1BAC74A0-8706-4F19-B161-44DB2FAD6E85}.Release|Any CPU.ActiveCfg = Release|Any CPU
		{1BAC74A0-8706-4F19-B161-44DB2FAD6E85}.Release|Any CPU.Build.0 = Release|Any CPU
		{AF5236CE-349C-4642-B07B-CC0DB1012523}.Debug|Any CPU.ActiveCfg = Debug|Any CPU
		{AF5236CE-349C-4642-B07B-CC0DB1012523}.Debug|Any CPU.Build.0 = Debug|Any CPU
		{AF5236CE-349C-4642-B07B-CC0DB1012523}.Release|Any CPU.ActiveCfg = Release|Any CPU
		{AF5236CE-349C-4642-B07B-CC0DB1012523}.Release|Any CPU.Build.0 = Release|Any CPU
		{32B11A8E-F676-4E3A-B1C4-2C189E022E95}.Debug|Any CPU.ActiveCfg = Debug|Any CPU
		{32B11A8E-F676-4E3A-B1C4-2C189E022E95}.Debug|Any CPU.Build.0 = Debug|Any CPU
		{32B11A8E-F676-4E3A-B1C4-2C189E022E95}.Release|Any CPU.ActiveCfg = Release|Any CPU
		{32B11A8E-F676-4E3A-B1C4-2C189E022E95}.Release|Any CPU.Build.0 = Release|Any CPU
		{167E97B9-7D35-4895-9933-F4CB0E9DEC74}.Debug|Any CPU.ActiveCfg = Debug|Any CPU
		{167E97B9-7D35-4895-9933-F4CB0E9DEC74}.Debug|Any CPU.Build.0 = Debug|Any CPU
		{167E97B9-7D35-4895-9933-F4CB0E9DEC74}.Release|Any CPU.ActiveCfg = Release|Any CPU
		{167E97B9-7D35-4895-9933-F4CB0E9DEC74}.Release|Any CPU.Build.0 = Release|Any CPU
		{9FC68001-E547-4879-8848-E8168FFC1AA0}.Debug|Any CPU.ActiveCfg = Debug|Any CPU
		{9FC68001-E547-4879-8848-E8168FFC1AA0}.Debug|Any CPU.Build.0 = Debug|Any CPU
		{9FC68001-E547-4879-8848-E8168FFC1AA0}.Release|Any CPU.ActiveCfg = Release|Any CPU
		{9FC68001-E547-4879-8848-E8168FFC1AA0}.Release|Any CPU.Build.0 = Release|Any CPU
		{38D7FB5B-DA81-402A-9CBB-3BEEC70E5615}.Debug|Any CPU.ActiveCfg = Debug|Any CPU
		{38D7FB5B-DA81-402A-9CBB-3BEEC70E5615}.Debug|Any CPU.Build.0 = Debug|Any CPU
		{38D7FB5B-DA81-402A-9CBB-3BEEC70E5615}.Release|Any CPU.ActiveCfg = Release|Any CPU
		{38D7FB5B-DA81-402A-9CBB-3BEEC70E5615}.Release|Any CPU.Build.0 = Release|Any CPU
		{B1D52934-5440-4824-99E6-7E078E44FACE}.Debug|Any CPU.ActiveCfg = Debug|Any CPU
		{B1D52934-5440-4824-99E6-7E078E44FACE}.Debug|Any CPU.Build.0 = Debug|Any CPU
		{B1D52934-5440-4824-99E6-7E078E44FACE}.Release|Any CPU.ActiveCfg = Release|Any CPU
		{B1D52934-5440-4824-99E6-7E078E44FACE}.Release|Any CPU.Build.0 = Release|Any CPU
		{E95ED2C7-0F46-4A9B-8843-78F5F4AF349D}.Debug|Any CPU.ActiveCfg = Debug|Any CPU
		{E95ED2C7-0F46-4A9B-8843-78F5F4AF349D}.Debug|Any CPU.Build.0 = Debug|Any CPU
		{E95ED2C7-0F46-4A9B-8843-78F5F4AF349D}.Release|Any CPU.ActiveCfg = Release|Any CPU
		{E95ED2C7-0F46-4A9B-8843-78F5F4AF349D}.Release|Any CPU.Build.0 = Release|Any CPU
		{780D8118-4707-4B27-A7F2-0C249C918C80}.Debug|Any CPU.ActiveCfg = Debug|Any CPU
		{780D8118-4707-4B27-A7F2-0C249C918C80}.Debug|Any CPU.Build.0 = Debug|Any CPU
		{780D8118-4707-4B27-A7F2-0C249C918C80}.Release|Any CPU.ActiveCfg = Release|Any CPU
		{780D8118-4707-4B27-A7F2-0C249C918C80}.Release|Any CPU.Build.0 = Release|Any CPU
		{E02130B2-E7F8-4B14-AE12-36A3F4FE1865}.Debug|Any CPU.ActiveCfg = Debug|Any CPU
		{E02130B2-E7F8-4B14-AE12-36A3F4FE1865}.Debug|Any CPU.Build.0 = Debug|Any CPU
		{E02130B2-E7F8-4B14-AE12-36A3F4FE1865}.Release|Any CPU.ActiveCfg = Release|Any CPU
		{E02130B2-E7F8-4B14-AE12-36A3F4FE1865}.Release|Any CPU.Build.0 = Release|Any CPU
		{46172E81-F4E7-4AAB-BC80-72D2C9F02607}.Debug|Any CPU.ActiveCfg = Debug|Any CPU
		{46172E81-F4E7-4AAB-BC80-72D2C9F02607}.Debug|Any CPU.Build.0 = Debug|Any CPU
		{46172E81-F4E7-4AAB-BC80-72D2C9F02607}.Release|Any CPU.ActiveCfg = Release|Any CPU
		{46172E81-F4E7-4AAB-BC80-72D2C9F02607}.Release|Any CPU.Build.0 = Release|Any CPU
		{7A8A9B40-8771-4323-BEEA-FE20876E0079}.Debug|Any CPU.ActiveCfg = Debug|Any CPU
		{7A8A9B40-8771-4323-BEEA-FE20876E0079}.Debug|Any CPU.Build.0 = Debug|Any CPU
		{7A8A9B40-8771-4323-BEEA-FE20876E0079}.Release|Any CPU.ActiveCfg = Release|Any CPU
		{7A8A9B40-8771-4323-BEEA-FE20876E0079}.Release|Any CPU.Build.0 = Release|Any CPU
		{BC6C53C6-D3F2-4139-B92F-51649C0125E6}.Debug|Any CPU.ActiveCfg = Debug|Any CPU
		{BC6C53C6-D3F2-4139-B92F-51649C0125E6}.Debug|Any CPU.Build.0 = Debug|Any CPU
		{BC6C53C6-D3F2-4139-B92F-51649C0125E6}.Release|Any CPU.ActiveCfg = Release|Any CPU
		{BC6C53C6-D3F2-4139-B92F-51649C0125E6}.Release|Any CPU.Build.0 = Release|Any CPU
		{0698EAD3-9AF3-4C8A-B067-C8AA57AEBA04}.Debug|Any CPU.ActiveCfg = Debug|Any CPU
		{0698EAD3-9AF3-4C8A-B067-C8AA57AEBA04}.Debug|Any CPU.Build.0 = Debug|Any CPU
		{0698EAD3-9AF3-4C8A-B067-C8AA57AEBA04}.Release|Any CPU.ActiveCfg = Release|Any CPU
		{0698EAD3-9AF3-4C8A-B067-C8AA57AEBA04}.Release|Any CPU.Build.0 = Release|Any CPU
		{5511755D-18EC-47B6-928E-AC0D77FEA6CC}.Debug|Any CPU.ActiveCfg = Debug|Any CPU
		{5511755D-18EC-47B6-928E-AC0D77FEA6CC}.Debug|Any CPU.Build.0 = Debug|Any CPU
		{5511755D-18EC-47B6-928E-AC0D77FEA6CC}.Release|Any CPU.ActiveCfg = Release|Any CPU
		{5511755D-18EC-47B6-928E-AC0D77FEA6CC}.Release|Any CPU.Build.0 = Release|Any CPU
		{D03D9F8E-3D5D-430A-94D4-08AE7229FEBB}.Debug|Any CPU.ActiveCfg = Debug|Any CPU
		{D03D9F8E-3D5D-430A-94D4-08AE7229FEBB}.Debug|Any CPU.Build.0 = Debug|Any CPU
		{D03D9F8E-3D5D-430A-94D4-08AE7229FEBB}.Release|Any CPU.ActiveCfg = Release|Any CPU
		{D03D9F8E-3D5D-430A-94D4-08AE7229FEBB}.Release|Any CPU.Build.0 = Release|Any CPU
		{2FB5F2F1-FF02-4EF0-8B0F-D56A4E958AEA}.Debug|Any CPU.ActiveCfg = Debug|Any CPU
		{2FB5F2F1-FF02-4EF0-8B0F-D56A4E958AEA}.Debug|Any CPU.Build.0 = Debug|Any CPU
		{2FB5F2F1-FF02-4EF0-8B0F-D56A4E958AEA}.Release|Any CPU.ActiveCfg = Release|Any CPU
		{2FB5F2F1-FF02-4EF0-8B0F-D56A4E958AEA}.Release|Any CPU.Build.0 = Release|Any CPU
		{79A357A8-8325-411A-A904-47B5EB6EF885}.Debug|Any CPU.ActiveCfg = Debug|Any CPU
		{79A357A8-8325-411A-A904-47B5EB6EF885}.Debug|Any CPU.Build.0 = Debug|Any CPU
		{79A357A8-8325-411A-A904-47B5EB6EF885}.Release|Any CPU.ActiveCfg = Release|Any CPU
		{79A357A8-8325-411A-A904-47B5EB6EF885}.Release|Any CPU.Build.0 = Release|Any CPU
		{D1BE6E0E-E1D2-4A49-B998-7FA17009460F}.Debug|Any CPU.ActiveCfg = Debug|Any CPU
		{D1BE6E0E-E1D2-4A49-B998-7FA17009460F}.Debug|Any CPU.Build.0 = Debug|Any CPU
		{D1BE6E0E-E1D2-4A49-B998-7FA17009460F}.Release|Any CPU.ActiveCfg = Release|Any CPU
		{D1BE6E0E-E1D2-4A49-B998-7FA17009460F}.Release|Any CPU.Build.0 = Release|Any CPU
		{665CCFA7-59B1-4CCB-B2B7-0FEB0F4A854B}.Debug|Any CPU.ActiveCfg = Debug|Any CPU
		{665CCFA7-59B1-4CCB-B2B7-0FEB0F4A854B}.Debug|Any CPU.Build.0 = Debug|Any CPU
		{665CCFA7-59B1-4CCB-B2B7-0FEB0F4A854B}.Release|Any CPU.ActiveCfg = Release|Any CPU
		{665CCFA7-59B1-4CCB-B2B7-0FEB0F4A854B}.Release|Any CPU.Build.0 = Release|Any CPU
		{28EFF6A6-404B-45CC-BD42-3CD8CAC6049A}.Debug|Any CPU.ActiveCfg = Debug|Any CPU
		{28EFF6A6-404B-45CC-BD42-3CD8CAC6049A}.Debug|Any CPU.Build.0 = Debug|Any CPU
		{28EFF6A6-404B-45CC-BD42-3CD8CAC6049A}.Release|Any CPU.ActiveCfg = Release|Any CPU
		{28EFF6A6-404B-45CC-BD42-3CD8CAC6049A}.Release|Any CPU.Build.0 = Release|Any CPU
		{6D975EA0-3588-4F6B-A57B-E5FDBBDE5F83}.Debug|Any CPU.ActiveCfg = Debug|Any CPU
		{6D975EA0-3588-4F6B-A57B-E5FDBBDE5F83}.Debug|Any CPU.Build.0 = Debug|Any CPU
		{6D975EA0-3588-4F6B-A57B-E5FDBBDE5F83}.Release|Any CPU.ActiveCfg = Release|Any CPU
		{6D975EA0-3588-4F6B-A57B-E5FDBBDE5F83}.Release|Any CPU.Build.0 = Release|Any CPU
		{9515EFB7-9032-497C-9023-18D906EAF0AA}.Debug|Any CPU.ActiveCfg = Debug|Any CPU
		{9515EFB7-9032-497C-9023-18D906EAF0AA}.Debug|Any CPU.Build.0 = Debug|Any CPU
		{9515EFB7-9032-497C-9023-18D906EAF0AA}.Release|Any CPU.ActiveCfg = Release|Any CPU
		{9515EFB7-9032-497C-9023-18D906EAF0AA}.Release|Any CPU.Build.0 = Release|Any CPU
		{1E5C93E2-B13F-427C-AD1F-76104218767B}.Debug|Any CPU.ActiveCfg = Debug|Any CPU
		{1E5C93E2-B13F-427C-AD1F-76104218767B}.Debug|Any CPU.Build.0 = Debug|Any CPU
		{1E5C93E2-B13F-427C-AD1F-76104218767B}.Release|Any CPU.ActiveCfg = Release|Any CPU
		{1E5C93E2-B13F-427C-AD1F-76104218767B}.Release|Any CPU.Build.0 = Release|Any CPU
		{F8829554-807D-40E7-A144-5FEDE451E74E}.Debug|Any CPU.ActiveCfg = Debug|Any CPU
		{F8829554-807D-40E7-A144-5FEDE451E74E}.Debug|Any CPU.Build.0 = Debug|Any CPU
		{F8829554-807D-40E7-A144-5FEDE451E74E}.Release|Any CPU.ActiveCfg = Release|Any CPU
		{F8829554-807D-40E7-A144-5FEDE451E74E}.Release|Any CPU.Build.0 = Release|Any CPU
		{EB8AC42D-9D4F-4B07-82E6-7E66FD6EEDDA}.Debug|Any CPU.ActiveCfg = Debug|Any CPU
		{EB8AC42D-9D4F-4B07-82E6-7E66FD6EEDDA}.Debug|Any CPU.Build.0 = Debug|Any CPU
		{EB8AC42D-9D4F-4B07-82E6-7E66FD6EEDDA}.Release|Any CPU.ActiveCfg = Release|Any CPU
		{EB8AC42D-9D4F-4B07-82E6-7E66FD6EEDDA}.Release|Any CPU.Build.0 = Release|Any CPU
		{2193EB3C-EEDD-4CBC-9562-6AE9A2DD28B4}.Debug|Any CPU.ActiveCfg = Debug|Any CPU
		{2193EB3C-EEDD-4CBC-9562-6AE9A2DD28B4}.Debug|Any CPU.Build.0 = Debug|Any CPU
		{2193EB3C-EEDD-4CBC-9562-6AE9A2DD28B4}.Release|Any CPU.ActiveCfg = Release|Any CPU
		{2193EB3C-EEDD-4CBC-9562-6AE9A2DD28B4}.Release|Any CPU.Build.0 = Release|Any CPU
		{5C754EEB-C53C-444C-94F7-FA5FA6206FA4}.Debug|Any CPU.ActiveCfg = Debug|Any CPU
		{5C754EEB-C53C-444C-94F7-FA5FA6206FA4}.Debug|Any CPU.Build.0 = Debug|Any CPU
		{5C754EEB-C53C-444C-94F7-FA5FA6206FA4}.Release|Any CPU.ActiveCfg = Release|Any CPU
		{5C754EEB-C53C-444C-94F7-FA5FA6206FA4}.Release|Any CPU.Build.0 = Release|Any CPU
		{C166F175-13A4-4DBB-B1D0-A748041267C0}.Debug|Any CPU.ActiveCfg = Debug|Any CPU
		{C166F175-13A4-4DBB-B1D0-A748041267C0}.Debug|Any CPU.Build.0 = Debug|Any CPU
		{C166F175-13A4-4DBB-B1D0-A748041267C0}.Release|Any CPU.ActiveCfg = Release|Any CPU
		{C166F175-13A4-4DBB-B1D0-A748041267C0}.Release|Any CPU.Build.0 = Release|Any CPU
		{9A1D7382-A577-4060-ADC9-9CB3C346724B}.Debug|Any CPU.ActiveCfg = Debug|Any CPU
		{9A1D7382-A577-4060-ADC9-9CB3C346724B}.Debug|Any CPU.Build.0 = Debug|Any CPU
		{9A1D7382-A577-4060-ADC9-9CB3C346724B}.Release|Any CPU.ActiveCfg = Release|Any CPU
		{9A1D7382-A577-4060-ADC9-9CB3C346724B}.Release|Any CPU.Build.0 = Release|Any CPU
		{406C77AD-A9DF-452E-AEC1-07A2B313ED5C}.Debug|Any CPU.ActiveCfg = Debug|Any CPU
		{406C77AD-A9DF-452E-AEC1-07A2B313ED5C}.Debug|Any CPU.Build.0 = Debug|Any CPU
		{406C77AD-A9DF-452E-AEC1-07A2B313ED5C}.Release|Any CPU.ActiveCfg = Release|Any CPU
		{406C77AD-A9DF-452E-AEC1-07A2B313ED5C}.Release|Any CPU.Build.0 = Release|Any CPU
		{AC46DEF5-DD06-4C49-B72E-33B379E63AFD}.Debug|Any CPU.ActiveCfg = Debug|Any CPU
		{AC46DEF5-DD06-4C49-B72E-33B379E63AFD}.Debug|Any CPU.Build.0 = Debug|Any CPU
		{AC46DEF5-DD06-4C49-B72E-33B379E63AFD}.Release|Any CPU.ActiveCfg = Release|Any CPU
		{AC46DEF5-DD06-4C49-B72E-33B379E63AFD}.Release|Any CPU.Build.0 = Release|Any CPU
		{441BA688-CEEA-40E3-B3D5-5120CBB68C1E}.Debug|Any CPU.ActiveCfg = Debug|Any CPU
		{441BA688-CEEA-40E3-B3D5-5120CBB68C1E}.Debug|Any CPU.Build.0 = Debug|Any CPU
		{441BA688-CEEA-40E3-B3D5-5120CBB68C1E}.Release|Any CPU.ActiveCfg = Release|Any CPU
		{441BA688-CEEA-40E3-B3D5-5120CBB68C1E}.Release|Any CPU.Build.0 = Release|Any CPU
	EndGlobalSection
	GlobalSection(SolutionProperties) = preSolution
		HideSolutionNode = FALSE
	EndGlobalSection
	GlobalSection(ExtensibilityGlobals) = postSolution
		SolutionGuid = {6D0B5927-939E-4AD5-9180-6489E79925A2}
	EndGlobalSection
EndGlobal
